
Microsoft Visual Studio Solution File, Format Version 12.00
# Visual Studio Version 17
VisualStudioVersion = 17.6.33829.357
MinimumVisualStudioVersion = 10.0.40219.1
Project("{FAE04EC0-301F-11D3-BF4B-00C04F79EFBC}") = "Questions1", "Questions1\Questions1.csproj", "{AEA9258A-231E-4BFF-A861-B657493A81B6}"
EndProject
Global
	GlobalSection(SolutionConfigurationPlatforms) = preSolution
		Debug|Any CPU = Debug|Any CPU
		Release|Any CPU = Release|Any CPU
	EndGlobalSection
	GlobalSection(ProjectConfigurationPlatforms) = postSolution
		{AEA9258A-231E-4BFF-A861-B657493A81B6}.Debug|Any CPU.ActiveCfg = Debug|Any CPU
		{AEA9258A-231E-4BFF-A861-B657493A81B6}.Debug|Any CPU.Build.0 = Debug|Any CPU
		{AEA9258A-231E-4BFF-A861-B657493A81B6}.Release|Any CPU.ActiveCfg = Release|Any CPU
		{AEA9258A-231E-4BFF-A861-B657493A81B6}.Release|Any CPU.Build.0 = Release|Any CPU
	EndGlobalSection
	GlobalSection(SolutionProperties) = preSolution
		HideSolutionNode = FALSE
	EndGlobalSection
	GlobalSection(ExtensibilityGlobals) = postSolution
		SolutionGuid = {C35DF98C-45B2-4468-9080-7020110A8722}
	EndGlobalSection
EndGlobal
